
Microsoft Visual Studio Solution File, Format Version 12.00
# Visual Studio Version 17
VisualStudioVersion = 17.10.35122.118
MinimumVisualStudioVersion = 10.0.40219.1
Project("{FAE04EC0-301F-11D3-BF4B-00C04F79EFBC}") = "Encapsulation", "Encapsulation\Encapsulation.csproj", "{EBC6342D-750A-430C-A215-EF99567CD7CF}"
EndProject
Global
	GlobalSection(SolutionConfigurationPlatforms) = preSolution
		Debug|Any CPU = Debug|Any CPU
		Release|Any CPU = Release|Any CPU
	EndGlobalSection
	GlobalSection(ProjectConfigurationPlatforms) = postSolution
		{EBC6342D-750A-430C-A215-EF99567CD7CF}.Debug|Any CPU.ActiveCfg = Debug|Any CPU
		{EBC6342D-750A-430C-A215-EF99567CD7CF}.Debug|Any CPU.Build.0 = Debug|Any CPU
		{EBC6342D-750A-430C-A215-EF99567CD7CF}.Release|Any CPU.ActiveCfg = Release|Any CPU
		{EBC6342D-750A-430C-A215-EF99567CD7CF}.Release|Any CPU.Build.0 = Release|Any CPU
	EndGlobalSection
	GlobalSection(SolutionProperties) = preSolution
		HideSolutionNode = FALSE
	EndGlobalSection
	GlobalSection(ExtensibilityGlobals) = postSolution
		SolutionGuid = {4722A191-B0A8-4303-B80A-76F8363D1CC0}
	EndGlobalSection
EndGlobal
